
Microsoft Visual Studio Solution File, Format Version 12.00
Project("{FAE04EC0-301F-11D3-BF4B-00C04F79EFBC}") = "Gestion de Parking LV", "Gestion de Parking LV\Gestion de Parking LV.csproj", "{900FFF7D-8A06-4166-8806-9AC9E2CC5FB9}"
EndProject
Global
	GlobalSection(SolutionConfigurationPlatforms) = preSolution
		Debug|Any CPU = Debug|Any CPU
		Release|Any CPU = Release|Any CPU
	EndGlobalSection
	GlobalSection(ProjectConfigurationPlatforms) = postSolution
		{900FFF7D-8A06-4166-8806-9AC9E2CC5FB9}.Debug|Any CPU.ActiveCfg = Debug|Any CPU
		{900FFF7D-8A06-4166-8806-9AC9E2CC5FB9}.Debug|Any CPU.Build.0 = Debug|Any CPU
		{900FFF7D-8A06-4166-8806-9AC9E2CC5FB9}.Release|Any CPU.ActiveCfg = Release|Any CPU
		{900FFF7D-8A06-4166-8806-9AC9E2CC5FB9}.Release|Any CPU.Build.0 = Release|Any CPU
	EndGlobalSection
EndGlobal
